
Microsoft Visual Studio Solution File, Format Version 12.00
# Visual Studio 15
VisualStudioVersion = 15.0.27130.2020
MinimumVisualStudioVersion = 10.0.40219.1
Project("{FAE04EC0-301F-11D3-BF4B-00C04F79EFBC}") = "Spec", "src\Spec\Spec.csproj", "{E75979B1-0111-4BF4-ACF1-DA0DDB9B2E46}"
EndProject
Project("{FAE04EC0-301F-11D3-BF4B-00C04F79EFBC}") = "Spec.Tests", "Spec.Tests\Spec.Tests.csproj", "{64CB3210-CF27-45A5-9807-B78CB823F0CA}"
EndProject
Global
	GlobalSection(SolutionConfigurationPlatforms) = preSolution
		Debug|Any CPU = Debug|Any CPU
		Release|Any CPU = Release|Any CPU
	EndGlobalSection
	GlobalSection(ProjectConfigurationPlatforms) = postSolution
		{E75979B1-0111-4BF4-ACF1-DA0DDB9B2E46}.Debug|Any CPU.ActiveCfg = Debug|Any CPU
		{E75979B1-0111-4BF4-ACF1-DA0DDB9B2E46}.Debug|Any CPU.Build.0 = Debug|Any CPU
		{E75979B1-0111-4BF4-ACF1-DA0DDB9B2E46}.Release|Any CPU.ActiveCfg = Release|Any CPU
		{E75979B1-0111-4BF4-ACF1-DA0DDB9B2E46}.Release|Any CPU.Build.0 = Release|Any CPU
		{64CB3210-CF27-45A5-9807-B78CB823F0CA}.Debug|Any CPU.ActiveCfg = Debug|Any CPU
		{64CB3210-CF27-45A5-9807-B78CB823F0CA}.Debug|Any CPU.Build.0 = Debug|Any CPU
		{64CB3210-CF27-45A5-9807-B78CB823F0CA}.Release|Any CPU.ActiveCfg = Release|Any CPU
		{64CB3210-CF27-45A5-9807-B78CB823F0CA}.Release|Any CPU.Build.0 = Release|Any CPU
	EndGlobalSection
	GlobalSection(SolutionProperties) = preSolution
		HideSolutionNode = FALSE
	EndGlobalSection
	GlobalSection(ExtensibilityGlobals) = postSolution
		SolutionGuid = {8F8167E9-D39A-418D-8079-AFE0D0DC437B}
	EndGlobalSection
EndGlobal
